// !$*UTF8*$!
{
	archiveVersion = 1;
	classes = {
	};
	objectVersion = 56;
	objects = {

/* Begin PBXBuildFile section */
		B713E29B287E19BA003A3294 /* GoogleService-Info.plist in Resources */ = {isa = PBXBuildFile; fileRef = B713E29A287E19BA003A3294 /* GoogleService-Info.plist */; };
		B713E29F287E1C42003A3294 /* FirebaseAnalytics in Frameworks */ = {isa = PBXBuildFile; productRef = B713E29E287E1C42003A3294 /* FirebaseAnalytics */; };
		B713E2A1287E1C42003A3294 /* FirebaseAuth in Frameworks */ = {isa = PBXBuildFile; productRef = B713E2A0287E1C42003A3294 /* FirebaseAuth */; };
		B713E2A3287E1C42003A3294 /* FirebaseDatabase in Frameworks */ = {isa = PBXBuildFile; productRef = B713E2A2287E1C42003A3294 /* FirebaseDatabase */; };
		B736D691287CC66A00AA262C /* HomeView.swift in Sources */ = {isa = PBXBuildFile; fileRef = B736D690287CC66A00AA262C /* HomeView.swift */; };
		B736D693287CC69100AA262C /* FeaturedCategory.swift in Sources */ = {isa = PBXBuildFile; fileRef = B736D692287CC69100AA262C /* FeaturedCategory.swift */; };
		B736D697287CC6CA00AA262C /* Category.swift in Sources */ = {isa = PBXBuildFile; fileRef = B736D696287CC6CA00AA262C /* Category.swift */; };
		B7ED25192878D1D1009F5E32 /* FundsApp.swift in Sources */ = {isa = PBXBuildFile; fileRef = B7ED25182878D1D1009F5E32 /* FundsApp.swift */; };
		B7ED251B2878D1D1009F5E32 /* ContentView.swift in Sources */ = {isa = PBXBuildFile; fileRef = B7ED251A2878D1D1009F5E32 /* ContentView.swift */; };
		B7ED251D2878D1D2009F5E32 /* Assets.xcassets in Resources */ = {isa = PBXBuildFile; fileRef = B7ED251C2878D1D2009F5E32 /* Assets.xcassets */; };
		B7ED25202878D1D2009F5E32 /* Preview Assets.xcassets in Resources */ = {isa = PBXBuildFile; fileRef = B7ED251F2878D1D2009F5E32 /* Preview Assets.xcassets */; };
/* End PBXBuildFile section */

/* Begin PBXFileReference section */
		B713E29A287E19BA003A3294 /* GoogleService-Info.plist */ = {isa = PBXFileReference; fileEncoding = 4; lastKnownFileType = text.plist.xml; path = "GoogleService-Info.plist"; sourceTree = "<group>"; };
		B736D690287CC66A00AA262C /* HomeView.swift */ = {isa = PBXFileReference; lastKnownFileType = sourcecode.swift; path = HomeView.swift; sourceTree = "<group>"; };
		B736D692287CC69100AA262C /* FeaturedCategory.swift */ = {isa = PBXFileReference; lastKnownFileType = sourcecode.swift; path = FeaturedCategory.swift; sourceTree = "<group>"; };
		B736D696287CC6CA00AA262C /* Category.swift */ = {isa = PBXFileReference; lastKnownFileType = sourcecode.swift; path = Category.swift; sourceTree = "<group>"; };
		B7ED25152878D1D1009F5E32 /* Funds.app */ = {isa = PBXFileReference; explicitFileType = wrapper.application; includeInIndex = 0; path = Funds.app; sourceTree = BUILT_PRODUCTS_DIR; };
		B7ED25182878D1D1009F5E32 /* FundsApp.swift */ = {isa = PBXFileReference; lastKnownFileType = sourcecode.swift; path = FundsApp.swift; sourceTree = "<group>"; };
		B7ED251A2878D1D1009F5E32 /* ContentView.swift */ = {isa = PBXFileReference; lastKnownFileType = sourcecode.swift; path = ContentView.swift; sourceTree = "<group>"; };
		B7ED251C2878D1D2009F5E32 /* Assets.xcassets */ = {isa = PBXFileReference; lastKnownFileType = folder.assetcatalog; path = Assets.xcassets; sourceTree = "<group>"; };
		B7ED251F2878D1D2009F5E32 /* Preview Assets.xcassets */ = {isa = PBXFileReference; lastKnownFileType = folder.assetcatalog; path = "Preview Assets.xcassets"; sourceTree = "<group>"; };
/* End PBXFileReference section */

/* Begin PBXFrameworksBuildPhase section */
		B7ED25122878D1D1009F5E32 /* Frameworks */ = {
			isa = PBXFrameworksBuildPhase;
			buildActionMask = 2147483647;
			files = (
				B713E2A3287E1C42003A3294 /* FirebaseDatabase in Frameworks */,
				B713E29F287E1C42003A3294 /* FirebaseAnalytics in Frameworks */,
				B713E2A1287E1C42003A3294 /* FirebaseAuth in Frameworks */,
			);
			runOnlyForDeploymentPostprocessing = 0;
		};
/* End PBXFrameworksBuildPhase section */

/* Begin PBXGroup section */
		B736D694287CC6B200AA262C /* Components */ = {
			isa = PBXGroup;
			children = (
				B736D692287CC69100AA262C /* FeaturedCategory.swift */,
			);
			path = Components;
			sourceTree = "<group>";
		};
		B736D695287CC6B900AA262C /* Views */ = {
			isa = PBXGroup;
			children = (
				B736D690287CC66A00AA262C /* HomeView.swift */,
			);
			path = Views;
			sourceTree = "<group>";
		};
		B736D698287CC6D200AA262C /* Model */ = {
			isa = PBXGroup;
			children = (
				B736D696287CC6CA00AA262C /* Category.swift */,
			);
			path = Model;
			sourceTree = "<group>";
		};
		B736D699287CC79D00AA262C /* Navigation */ = {
			isa = PBXGroup;
			children = (
				B7ED251A2878D1D1009F5E32 /* ContentView.swift */,
			);
			path = Navigation;
			sourceTree = "<group>";
		};
		B7ED250C2878D1D1009F5E32 = {
			isa = PBXGroup;
			children = (
				B7ED25172878D1D1009F5E32 /* Funds */,
				B7ED25162878D1D1009F5E32 /* Products */,
			);
			sourceTree = "<group>";
		};
		B7ED25162878D1D1009F5E32 /* Products */ = {
			isa = PBXGroup;
			children = (
				B7ED25152878D1D1009F5E32 /* Funds.app */,
			);
			name = Products;
			sourceTree = "<group>";
		};
		B7ED25172878D1D1009F5E32 /* Funds */ = {
			isa = PBXGroup;
			children = (
				B7ED25182878D1D1009F5E32 /* FundsApp.swift */,
				B736D699287CC79D00AA262C /* Navigation */,
				B736D698287CC6D200AA262C /* Model */,
				B736D695287CC6B900AA262C /* Views */,
				B736D694287CC6B200AA262C /* Components */,
				B713E29A287E19BA003A3294 /* GoogleService-Info.plist */,
				B7ED251C2878D1D2009F5E32 /* Assets.xcassets */,
				B7ED251E2878D1D2009F5E32 /* Preview Content */,
			);
			path = Funds;
			sourceTree = "<group>";
		};
		B7ED251E2878D1D2009F5E32 /* Preview Content */ = {
			isa = PBXGroup;
			children = (
				B7ED251F2878D1D2009F5E32 /* Preview Assets.xcassets */,
			);
			path = "Preview Content";
			sourceTree = "<group>";
		};
/* End PBXGroup section */

/* Begin PBXNativeTarget section */
		B7ED25142878D1D1009F5E32 /* Funds */ = {
			isa = PBXNativeTarget;
			buildConfigurationList = B7ED25232878D1D2009F5E32 /* Build configuration list for PBXNativeTarget "Funds" */;
			buildPhases = (
				B7ED25112878D1D1009F5E32 /* Sources */,
				B7ED25122878D1D1009F5E32 /* Frameworks */,
				B7ED25132878D1D1009F5E32 /* Resources */,
			);
			buildRules = (
			);
			dependencies = (
			);
			name = Funds;
			packageProductDependencies = (
				B713E29E287E1C42003A3294 /* FirebaseAnalytics */,
				B713E2A0287E1C42003A3294 /* FirebaseAuth */,
				B713E2A2287E1C42003A3294 /* FirebaseDatabase */,
			);
			productName = Funds;
			productReference = B7ED25152878D1D1009F5E32 /* Funds.app */;
			productType = "com.apple.product-type.application";
		};
/* End PBXNativeTarget section */

/* Begin PBXProject section */
		B7ED250D2878D1D1009F5E32 /* Project object */ = {
			isa = PBXProject;
			attributes = {
				BuildIndependentTargetsInParallel = 1;
				LastSwiftUpdateCheck = 1400;
				LastUpgradeCheck = 1400;
				TargetAttributes = {
					B7ED25142878D1D1009F5E32 = {
						CreatedOnToolsVersion = 14.0;
					};
				};
			};
			buildConfigurationList = B7ED25102878D1D1009F5E32 /* Build configuration list for PBXProject "Funds" */;
			compatibilityVersion = "Xcode 14.0";
			developmentRegion = en;
			hasScannedForEncodings = 0;
			knownRegions = (
				en,
				Base,
			);
			mainGroup = B7ED250C2878D1D1009F5E32;
			packageReferences = (
				B713E29D287E1C42003A3294 /* XCRemoteSwiftPackageReference "firebase-ios-sdk" */,
			);
			productRefGroup = B7ED25162878D1D1009F5E32 /* Products */;
			projectDirPath = "";
			projectRoot = "";
			targets = (
				B7ED25142878D1D1009F5E32 /* Funds */,
			);
		};
/* End PBXProject section */

/* Begin PBXResourcesBuildPhase section */
		B7ED25132878D1D1009F5E32 /* Resources */ = {
			isa = PBXResourcesBuildPhase;
			buildActionMask = 2147483647;
			files = (
				B7ED25202878D1D2009F5E32 /* Preview Assets.xcassets in Resources */,
				B7ED251D2878D1D2009F5E32 /* Assets.xcassets in Resources */,
				B713E29B287E19BA003A3294 /* GoogleService-Info.plist in Resources */,
			);
			runOnlyForDeploymentPostprocessing = 0;
		};
/* End PBXResourcesBuildPhase section */

/* Begin PBXSourcesBuildPhase section */
		B7ED25112878D1D1009F5E32 /* Sources */ = {
			isa = PBXSourcesBuildPhase;
			buildActionMask = 2147483647;
			files = (
				B736D691287CC66A00AA262C /* HomeView.swift in Sources */,
				B736D697287CC6CA00AA262C /* Category.swift in Sources */,
				B7ED251B2878D1D1009F5E32 /* ContentView.swift in Sources */,
				B7ED25192878D1D1009F5E32 /* FundsApp.swift in Sources */,
				B736D693287CC69100AA262C /* FeaturedCategory.swift in Sources */,
			);
			runOnlyForDeploymentPostprocessing = 0;
		};
/* End PBXSourcesBuildPhase section */

/* Begin XCBuildConfiguration section */
		B7ED25212878D1D2009F5E32 /* Debug */ = {
			isa = XCBuildConfiguration;
			buildSettings = {
				ALWAYS_SEARCH_USER_PATHS = NO;
				CLANG_ANALYZER_NONNULL = YES;
				CLANG_ANALYZER_NUMBER_OBJECT_CONVERSION = YES_AGGRESSIVE;
				CLANG_CXX_LANGUAGE_STANDARD = "gnu++20";
				CLANG_ENABLE_MODULES = YES;
				CLANG_ENABLE_OBJC_ARC = YES;
				CLANG_ENABLE_OBJC_WEAK = YES;
				CLANG_WARN_BLOCK_CAPTURE_AUTORELEASING = YES;
				CLANG_WARN_BOOL_CONVERSION = YES;
				CLANG_WARN_COMMA = YES;
				CLANG_WARN_CONSTANT_CONVERSION = YES;
				CLANG_WARN_DEPRECATED_OBJC_IMPLEMENTATIONS = YES;
				CLANG_WARN_DIRECT_OBJC_ISA_USAGE = YES_ERROR;
				CLANG_WARN_DOCUMENTATION_COMMENTS = YES;
				CLANG_WARN_EMPTY_BODY = YES;
				CLANG_WARN_ENUM_CONVERSION = YES;
				CLANG_WARN_INFINITE_RECURSION = YES;
				CLANG_WARN_INT_CONVERSION = YES;
				CLANG_WARN_NON_LITERAL_NULL_CONVERSION = YES;
				CLANG_WARN_OBJC_IMPLICIT_RETAIN_SELF = YES;
				CLANG_WARN_OBJC_LITERAL_CONVERSION = YES;
				CLANG_WARN_OBJC_ROOT_CLASS = YES_ERROR;
				CLANG_WARN_QUOTED_INCLUDE_IN_FRAMEWORK_HEADER = YES;
				CLANG_WARN_RANGE_LOOP_ANALYSIS = YES;
				CLANG_WARN_STRICT_PROTOTYPES = YES;
				CLANG_WARN_SUSPICIOUS_MOVE = YES;
				CLANG_WARN_UNGUARDED_AVAILABILITY = YES_AGGRESSIVE;
				CLANG_WARN_UNREACHABLE_CODE = YES;
				CLANG_WARN__DUPLICATE_METHOD_MATCH = YES;
				COPY_PHASE_STRIP = NO;
				DEBUG_INFORMATION_FORMAT = dwarf;
				ENABLE_STRICT_OBJC_MSGSEND = YES;
				ENABLE_TESTABILITY = YES;
				GCC_C_LANGUAGE_STANDARD = gnu11;
				GCC_DYNAMIC_NO_PIC = NO;
				GCC_NO_COMMON_BLOCKS = YES;
				GCC_OPTIMIZATION_LEVEL = 0;
				GCC_PREPROCESSOR_DEFINITIONS = (
					"DEBUG=1",
					"$(inherited)",
				);
				GCC_WARN_64_TO_32_BIT_CONVERSION = YES;
				GCC_WARN_ABOUT_RETURN_TYPE = YES_ERROR;
				GCC_WARN_UNDECLARED_SELECTOR = YES;
				GCC_WARN_UNINITIALIZED_AUTOS = YES_AGGRESSIVE;
				GCC_WARN_UNUSED_FUNCTION = YES;
				GCC_WARN_UNUSED_VARIABLE = YES;
				IPHONEOS_DEPLOYMENT_TARGET = 16.0;
				MTL_ENABLE_DEBUG_INFO = INCLUDE_SOURCE;
				MTL_FAST_MATH = YES;
				ONLY_ACTIVE_ARCH = YES;
				SDKROOT = iphoneos;
				SWIFT_ACTIVE_COMPILATION_CONDITIONS = DEBUG;
				SWIFT_OPTIMIZATION_LEVEL = "-Onone";
			};
			name = Debug;
		};
		B7ED25222878D1D2009F5E32 /* Release */ = {
			isa = XCBuildConfiguration;
			buildSettings = {
				ALWAYS_SEARCH_USER_PATHS = NO;
				CLANG_ANALYZER_NONNULL = YES;
				CLANG_ANALYZER_NUMBER_OBJECT_CONVERSION = YES_AGGRESSIVE;
				CLANG_CXX_LANGUAGE_STANDARD = "gnu++20";
				CLANG_ENABLE_MODULES = YES;
				CLANG_ENABLE_OBJC_ARC = YES;
				CLANG_ENABLE_OBJC_WEAK = YES;
				CLANG_WARN_BLOCK_CAPTURE_AUTORELEASING = YES;
				CLANG_WARN_BOOL_CONVERSION = YES;
				CLANG_WARN_COMMA = YES;
				CLANG_WARN_CONSTANT_CONVERSION = YES;
				CLANG_WARN_DEPRECATED_OBJC_IMPLEMENTATIONS = YES;
				CLANG_WARN_DIRECT_OBJC_ISA_USAGE = YES_ERROR;
				CLANG_WARN_DOCUMENTATION_COMMENTS = YES;
				CLANG_WARN_EMPTY_BODY = YES;
				CLANG_WARN_ENUM_CONVERSION = YES;
				CLANG_WARN_INFINITE_RECURSION = YES;
				CLANG_WARN_INT_CONVERSION = YES;
				CLANG_WARN_NON_LITERAL_NULL_CONVERSION = YES;
				CLANG_WARN_OBJC_IMPLICIT_RETAIN_SELF = YES;
				CLANG_WARN_OBJC_LITERAL_CONVERSION = YES;
				CLANG_WARN_OBJC_ROOT_CLASS = YES_ERROR;
				CLANG_WARN_QUOTED_INCLUDE_IN_FRAMEWORK_HEADER = YES;
				CLANG_WARN_RANGE_LOOP_ANALYSIS = YES;
				CLANG_WARN_STRICT_PROTOTYPES = YES;
				CLANG_WARN_SUSPICIOUS_MOVE = YES;
				CLANG_WARN_UNGUARDED_AVAILABILITY = YES_AGGRESSIVE;
				CLANG_WARN_UNREACHABLE_CODE = YES;
				CLANG_WARN__DUPLICATE_METHOD_MATCH = YES;
				COPY_PHASE_STRIP = NO;
				DEBUG_INFORMATION_FORMAT = "dwarf-with-dsym";
				ENABLE_NS_ASSERTIONS = NO;
				ENABLE_STRICT_OBJC_MSGSEND = YES;
				GCC_C_LANGUAGE_STANDARD = gnu11;
				GCC_NO_COMMON_BLOCKS = YES;
				GCC_WARN_64_TO_32_BIT_CONVERSION = YES;
				GCC_WARN_ABOUT_RETURN_TYPE = YES_ERROR;
				GCC_WARN_UNDECLARED_SELECTOR = YES;
				GCC_WARN_UNINITIALIZED_AUTOS = YES_AGGRESSIVE;
				GCC_WARN_UNUSED_FUNCTION = YES;
				GCC_WARN_UNUSED_VARIABLE = YES;
				IPHONEOS_DEPLOYMENT_TARGET = 16.0;
				MTL_ENABLE_DEBUG_INFO = NO;
				MTL_FAST_MATH = YES;
				SDKROOT = iphoneos;
				SWIFT_COMPILATION_MODE = wholemodule;
				SWIFT_OPTIMIZATION_LEVEL = "-O";
				VALIDATE_PRODUCT = YES;
			};
			name = Release;
		};
		B7ED25242878D1D2009F5E32 /* Debug */ = {
			isa = XCBuildConfiguration;
			buildSettings = {
				ASSETCATALOG_COMPILER_APPICON_NAME = AppIcon;
				ASSETCATALOG_COMPILER_GLOBAL_ACCENT_COLOR_NAME = AccentColor;
				CODE_SIGN_STYLE = Automatic;
				CURRENT_PROJECT_VERSION = 1;
				DEVELOPMENT_ASSET_PATHS = "\"Funds/Preview Content\"";
				DEVELOPMENT_TEAM = 854V78MWGF;
				ENABLE_PREVIEWS = YES;
				GENERATE_INFOPLIST_FILE = YES;
				INFOPLIST_KEY_UIApplicationSceneManifest_Generation = YES;
				INFOPLIST_KEY_UIApplicationSupportsIndirectInputEvents = YES;
				INFOPLIST_KEY_UILaunchScreen_Generation = YES;
				INFOPLIST_KEY_UISupportedInterfaceOrientations_iPad = "UIInterfaceOrientationPortrait UIInterfaceOrientationPortraitUpsideDown UIInterfaceOrientationLandscapeLeft UIInterfaceOrientationLandscapeRight";
				INFOPLIST_KEY_UISupportedInterfaceOrientations_iPhone = "UIInterfaceOrientationPortrait UIInterfaceOrientationLandscapeLeft UIInterfaceOrientationLandscapeRight";
				LD_RUNPATH_SEARCH_PATHS = (
					"$(inherited)",
					"@executable_path/Frameworks",
				);
				MARKETING_VERSION = 1.0;
				PRODUCT_BUNDLE_IDENTIFIER = io.jakequinter.Funds;
				PRODUCT_NAME = "$(TARGET_NAME)";
				SWIFT_EMIT_LOC_STRINGS = YES;
				SWIFT_VERSION = 5.0;
				TARGETED_DEVICE_FAMILY = "1,2";
			};
			name = Debug;
		};
		B7ED25252878D1D2009F5E32 /* Release */ = {
			isa = XCBuildConfiguration;
			buildSettings = {
				ASSETCATALOG_COMPILER_APPICON_NAME = AppIcon;
				ASSETCATALOG_COMPILER_GLOBAL_ACCENT_COLOR_NAME = AccentColor;
				CODE_SIGN_STYLE = Automatic;
				CURRENT_PROJECT_VERSION = 1;
				DEVELOPMENT_ASSET_PATHS = "\"Funds/Preview Content\"";
				DEVELOPMENT_TEAM = 854V78MWGF;
				ENABLE_PREVIEWS = YES;
				GENERATE_INFOPLIST_FILE = YES;
				INFOPLIST_KEY_UIApplicationSceneManifest_Generation = YES;
				INFOPLIST_KEY_UIApplicationSupportsIndirectInputEvents = YES;
				INFOPLIST_KEY_UILaunchScreen_Generation = YES;
				INFOPLIST_KEY_UISupportedInterfaceOrientations_iPad = "UIInterfaceOrientationPortrait UIInterfaceOrientationPortraitUpsideDown UIInterfaceOrientationLandscapeLeft UIInterfaceOrientationLandscapeRight";
				INFOPLIST_KEY_UISupportedInterfaceOrientations_iPhone = "UIInterfaceOrientationPortrait UIInterfaceOrientationLandscapeLeft UIInterfaceOrientationLandscapeRight";
				LD_RUNPATH_SEARCH_PATHS = (
					"$(inherited)",
					"@executable_path/Frameworks",
				);
				MARKETING_VERSION = 1.0;
				PRODUCT_BUNDLE_IDENTIFIER = io.jakequinter.Funds;
				PRODUCT_NAME = "$(TARGET_NAME)";
				SWIFT_EMIT_LOC_STRINGS = YES;
				SWIFT_VERSION = 5.0;
				TARGETED_DEVICE_FAMILY = "1,2";
			};
			name = Release;
		};
/* End XCBuildConfiguration section */

/* Begin XCConfigurationList section */
		B7ED25102878D1D1009F5E32 /* Build configuration list for PBXProject "Funds" */ = {
			isa = XCConfigurationList;
			buildConfigurations = (
				B7ED25212878D1D2009F5E32 /* Debug */,
				B7ED25222878D1D2009F5E32 /* Release */,
			);
			defaultConfigurationIsVisible = 0;
			defaultConfigurationName = Release;
		};
		B7ED25232878D1D2009F5E32 /* Build configuration list for PBXNativeTarget "Funds" */ = {
			isa = XCConfigurationList;
			buildConfigurations = (
				B7ED25242878D1D2009F5E32 /* Debug */,
				B7ED25252878D1D2009F5E32 /* Release */,
			);
			defaultConfigurationIsVisible = 0;
			defaultConfigurationName = Release;
		};
/* End XCConfigurationList section */

/* Begin XCRemoteSwiftPackageReference section */
		B713E29D287E1C42003A3294 /* XCRemoteSwiftPackageReference "firebase-ios-sdk" */ = {
			isa = XCRemoteSwiftPackageReference;
			repositoryURL = "https://github.com/firebase/firebase-ios-sdk";
			requirement = {
				kind = upToNextMajorVersion;
				minimumVersion = 9.0.0;
			};
		};
/* End XCRemoteSwiftPackageReference section */

/* Begin XCSwiftPackageProductDependency section */
		B713E29E287E1C42003A3294 /* FirebaseAnalytics */ = {
			isa = XCSwiftPackageProductDependency;
			package = B713E29D287E1C42003A3294 /* XCRemoteSwiftPackageReference "firebase-ios-sdk" */;
			productName = FirebaseAnalytics;
		};
		B713E2A0287E1C42003A3294 /* FirebaseAuth */ = {
			isa = XCSwiftPackageProductDependency;
			package = B713E29D287E1C42003A3294 /* XCRemoteSwiftPackageReference "firebase-ios-sdk" */;
			productName = FirebaseAuth;
		};
		B713E2A2287E1C42003A3294 /* FirebaseDatabase */ = {
			isa = XCSwiftPackageProductDependency;
			package = B713E29D287E1C42003A3294 /* XCRemoteSwiftPackageReference "firebase-ios-sdk" */;
			productName = FirebaseDatabase;
		};
/* End XCSwiftPackageProductDependency section */
	};
	rootObject = B7ED250D2878D1D1009F5E32 /* Project object */;
}
